
Microsoft Visual Studio Solution File, Format Version 12.00
# Visual Studio 15
Project("{FAE04EC0-301F-11D3-BF4B-00C04F79EFBC}") = "Assembly-CSharp", "Assembly-CSharp.csproj", "{47B3B1B0-54FA-AFDD-4747-A1424C351676}"
EndProject
Project("{FAE04EC0-301F-11D3-BF4B-00C04F79EFBC}") = "Assembly-CSharp-Editor-firstpass", "Assembly-CSharp-Editor-firstpass.csproj", "{09548B94-FF09-9C7D-DE9B-25D11149636F}"
EndProject
Global
	GlobalSection(SolutionConfigurationPlatforms) = preSolution
		Debug|Any CPU = Debug|Any CPU
		Release|Any CPU = Release|Any CPU
	EndGlobalSection
	GlobalSection(ProjectConfigurationPlatforms) = postSolution
		{47B3B1B0-54FA-AFDD-4747-A1424C351676}.Debug|Any CPU.ActiveCfg = Debug|Any CPU
		{47B3B1B0-54FA-AFDD-4747-A1424C351676}.Debug|Any CPU.Build.0 = Debug|Any CPU
		{47B3B1B0-54FA-AFDD-4747-A1424C351676}.Release|Any CPU.ActiveCfg = Release|Any CPU
		{47B3B1B0-54FA-AFDD-4747-A1424C351676}.Release|Any CPU.Build.0 = Release|Any CPU
		{09548B94-FF09-9C7D-DE9B-25D11149636F}.Debug|Any CPU.ActiveCfg = Debug|Any CPU
		{09548B94-FF09-9C7D-DE9B-25D11149636F}.Debug|Any CPU.Build.0 = Debug|Any CPU
		{09548B94-FF09-9C7D-DE9B-25D11149636F}.Release|Any CPU.ActiveCfg = Release|Any CPU
		{09548B94-FF09-9C7D-DE9B-25D11149636F}.Release|Any CPU.Build.0 = Release|Any CPU
	EndGlobalSection
	GlobalSection(SolutionProperties) = preSolution
		HideSolutionNode = FALSE
	EndGlobalSection
EndGlobal
